
Microsoft Visual Studio Solution File, Format Version 12.00
# Visual Studio Version 16
VisualStudioVersion = 16.0.30413.136
MinimumVisualStudioVersion = 10.0.40219.1
Project("{FAE04EC0-301F-11D3-BF4B-00C04F79EFBC}") = "ConsoleNumberGuessingGame", "ConsoleNumberGuessingGame\ConsoleNumberGuessingGame.csproj", "{61EDD9D7-D5C4-43F7-A1B8-D7A2EA6D5D67}"
EndProject
Global
	GlobalSection(SolutionConfigurationPlatforms) = preSolution
		Debug|Any CPU = Debug|Any CPU
		Release|Any CPU = Release|Any CPU
	EndGlobalSection
	GlobalSection(ProjectConfigurationPlatforms) = postSolution
		{61EDD9D7-D5C4-43F7-A1B8-D7A2EA6D5D67}.Debug|Any CPU.ActiveCfg = Debug|Any CPU
		{61EDD9D7-D5C4-43F7-A1B8-D7A2EA6D5D67}.Debug|Any CPU.Build.0 = Debug|Any CPU
		{61EDD9D7-D5C4-43F7-A1B8-D7A2EA6D5D67}.Release|Any CPU.ActiveCfg = Release|Any CPU
		{61EDD9D7-D5C4-43F7-A1B8-D7A2EA6D5D67}.Release|Any CPU.Build.0 = Release|Any CPU
	EndGlobalSection
	GlobalSection(SolutionProperties) = preSolution
		HideSolutionNode = FALSE
	EndGlobalSection
	GlobalSection(ExtensibilityGlobals) = postSolution
		SolutionGuid = {8960DED5-9CD1-430A-8804-33B815524517}
	EndGlobalSection
EndGlobal
